
Microsoft Visual Studio Solution File, Format Version 12.00
# Visual Studio Version 17
VisualStudioVersion = 17.0.31903.59
MinimumVisualStudioVersion = 10.0.40219.1
Project("{9A19103F-16F7-4668-BE54-9A1E7A4F7556}") = "AxiePro", "AxiePro\AxiePro.csproj", "{D6B74D64-57A6-41E5-8CE4-FC50FFED4F89}"
EndProject
Project("{9A19103F-16F7-4668-BE54-9A1E7A4F7556}") = "TestWeb", "TestWeb\TestWeb.csproj", "{AE58F24F-800F-4DD7-BDC5-295D4A8E99D1}"
EndProject
Global
	GlobalSection(SolutionConfigurationPlatforms) = preSolution
		Debug|Any CPU = Debug|Any CPU
		Release|Any CPU = Release|Any CPU
	EndGlobalSection
	GlobalSection(ProjectConfigurationPlatforms) = postSolution
		{D6B74D64-57A6-41E5-8CE4-FC50FFED4F89}.Debug|Any CPU.ActiveCfg = Debug|Any CPU
		{D6B74D64-57A6-41E5-8CE4-FC50FFED4F89}.Debug|Any CPU.Build.0 = Debug|Any CPU
		{D6B74D64-57A6-41E5-8CE4-FC50FFED4F89}.Release|Any CPU.ActiveCfg = Release|Any CPU
		{D6B74D64-57A6-41E5-8CE4-FC50FFED4F89}.Release|Any CPU.Build.0 = Release|Any CPU
		{AE58F24F-800F-4DD7-BDC5-295D4A8E99D1}.Debug|Any CPU.ActiveCfg = Debug|Any CPU
		{AE58F24F-800F-4DD7-BDC5-295D4A8E99D1}.Debug|Any CPU.Build.0 = Debug|Any CPU
		{AE58F24F-800F-4DD7-BDC5-295D4A8E99D1}.Release|Any CPU.ActiveCfg = Release|Any CPU
		{AE58F24F-800F-4DD7-BDC5-295D4A8E99D1}.Release|Any CPU.Build.0 = Release|Any CPU
	EndGlobalSection
	GlobalSection(SolutionProperties) = preSolution
		HideSolutionNode = FALSE
	EndGlobalSection
	GlobalSection(ExtensibilityGlobals) = postSolution
		SolutionGuid = {72C4753A-5C52-4665-9A0E-BAAC41340C16}
	EndGlobalSection
EndGlobal
